
Microsoft Visual Studio Solution File, Format Version 12.00
# Visual Studio Version 17
VisualStudioVersion = 17.2.32630.192
MinimumVisualStudioVersion = 10.0.40219.1
Project("{8BC9CEB8-8B4A-11D0-8D11-00A0C91BC942}") = "WinApiMatchPuzzle", "WinApiMatchPuzzle\WinApiMatchPuzzle.vcxproj", "{D31F4984-2806-40B5-9D74-3C592E9AB717}"
	ProjectSection(ProjectDependencies) = postProject
		{2FB82926-678E-4175-B356-51AD3C7281BF} = {2FB82926-678E-4175-B356-51AD3C7281BF}
	EndProjectSection
EndProject
Project("{8BC9CEB8-8B4A-11D0-8D11-00A0C91BC942}") = "WinAPiEngine", "WinAPiEngine\WinAPiEngine.vcxproj", "{2FB82926-678E-4175-B356-51AD3C7281BF}"
EndProject
Global
	GlobalSection(SolutionConfigurationPlatforms) = preSolution
		Debug|x64 = Debug|x64
		Debug|x86 = Debug|x86
		Release|x64 = Release|x64
		Release|x86 = Release|x86
	EndGlobalSection
	GlobalSection(ProjectConfigurationPlatforms) = postSolution
		{D31F4984-2806-40B5-9D74-3C592E9AB717}.Debug|x64.ActiveCfg = Debug|x64
		{D31F4984-2806-40B5-9D74-3C592E9AB717}.Debug|x64.Build.0 = Debug|x64
		{D31F4984-2806-40B5-9D74-3C592E9AB717}.Debug|x86.ActiveCfg = Debug|Win32
		{D31F4984-2806-40B5-9D74-3C592E9AB717}.Debug|x86.Build.0 = Debug|Win32
		{D31F4984-2806-40B5-9D74-3C592E9AB717}.Release|x64.ActiveCfg = Release|x64
		{D31F4984-2806-40B5-9D74-3C592E9AB717}.Release|x64.Build.0 = Release|x64
		{D31F4984-2806-40B5-9D74-3C592E9AB717}.Release|x86.ActiveCfg = Release|Win32
		{D31F4984-2806-40B5-9D74-3C592E9AB717}.Release|x86.Build.0 = Release|Win32
		{2FB82926-678E-4175-B356-51AD3C7281BF}.Debug|x64.ActiveCfg = Debug|x64
		{2FB82926-678E-4175-B356-51AD3C7281BF}.Debug|x64.Build.0 = Debug|x64
		{2FB82926-678E-4175-B356-51AD3C7281BF}.Debug|x86.ActiveCfg = Debug|Win32
		{2FB82926-678E-4175-B356-51AD3C7281BF}.Debug|x86.Build.0 = Debug|Win32
		{2FB82926-678E-4175-B356-51AD3C7281BF}.Release|x64.ActiveCfg = Release|x64
		{2FB82926-678E-4175-B356-51AD3C7281BF}.Release|x64.Build.0 = Release|x64
		{2FB82926-678E-4175-B356-51AD3C7281BF}.Release|x86.ActiveCfg = Release|Win32
		{2FB82926-678E-4175-B356-51AD3C7281BF}.Release|x86.Build.0 = Release|Win32
	EndGlobalSection
	GlobalSection(SolutionProperties) = preSolution
		HideSolutionNode = FALSE
	EndGlobalSection
	GlobalSection(ExtensibilityGlobals) = postSolution
		SolutionGuid = {756C9D47-2372-430C-B067-4E96DC7CD4D8}
	EndGlobalSection
EndGlobal
