
Microsoft Visual Studio Solution File, Format Version 12.00
# Visual Studio Version 17
VisualStudioVersion = 17.1.32228.430
MinimumVisualStudioVersion = 10.0.40219.1
Project("{8BC9CEB8-8B4A-11D0-8D11-00A0C91BC942}") = "FirstProject", "FirstProject\FirstProject.vcxproj", "{28ECC616-061D-4DC5-AB1D-30BC42970431}"
EndProject
Project("{8BC9CEB8-8B4A-11D0-8D11-00A0C91BC942}") = "DynamicAllocation", "DynamicAllocation\DynamicAllocation.vcxproj", "{8B1B6227-E23E-4216-A1AB-477FC4D6B98E}"
EndProject
Project("{8BC9CEB8-8B4A-11D0-8D11-00A0C91BC942}") = "String", "String\String.vcxproj", "{E801A8C8-F709-4CA3-87A4-4F86FF6C4C01}"
EndProject
Project("{8BC9CEB8-8B4A-11D0-8D11-00A0C91BC942}") = "Functions", "Functions\Functions.vcxproj", "{2AA82C0A-38F5-45C9-9CB6-68364F98FD8F}"
EndProject
Project("{8BC9CEB8-8B4A-11D0-8D11-00A0C91BC942}") = "Class", "Class\Class.vcxproj", "{DE3F2688-0D5D-4139-91FE-17F3F4E4A12F}"
EndProject
Project("{8BC9CEB8-8B4A-11D0-8D11-00A0C91BC942}") = "DynamicArrary", "DynamicArrary\DynamicArrary.vcxproj", "{7032F3E2-835D-4EBE-882A-8547F54C88FF}"
EndProject
Global
	GlobalSection(SolutionConfigurationPlatforms) = preSolution
		Debug|x64 = Debug|x64
		Debug|x86 = Debug|x86
		Release|x64 = Release|x64
		Release|x86 = Release|x86
	EndGlobalSection
	GlobalSection(ProjectConfigurationPlatforms) = postSolution
		{28ECC616-061D-4DC5-AB1D-30BC42970431}.Debug|x64.ActiveCfg = Debug|x64
		{28ECC616-061D-4DC5-AB1D-30BC42970431}.Debug|x64.Build.0 = Debug|x64
		{28ECC616-061D-4DC5-AB1D-30BC42970431}.Debug|x86.ActiveCfg = Debug|Win32
		{28ECC616-061D-4DC5-AB1D-30BC42970431}.Debug|x86.Build.0 = Debug|Win32
		{28ECC616-061D-4DC5-AB1D-30BC42970431}.Release|x64.ActiveCfg = Release|x64
		{28ECC616-061D-4DC5-AB1D-30BC42970431}.Release|x64.Build.0 = Release|x64
		{28ECC616-061D-4DC5-AB1D-30BC42970431}.Release|x86.ActiveCfg = Release|Win32
		{28ECC616-061D-4DC5-AB1D-30BC42970431}.Release|x86.Build.0 = Release|Win32
		{8B1B6227-E23E-4216-A1AB-477FC4D6B98E}.Debug|x64.ActiveCfg = Debug|x64
		{8B1B6227-E23E-4216-A1AB-477FC4D6B98E}.Debug|x64.Build.0 = Debug|x64
		{8B1B6227-E23E-4216-A1AB-477FC4D6B98E}.Debug|x86.ActiveCfg = Debug|Win32
		{8B1B6227-E23E-4216-A1AB-477FC4D6B98E}.Debug|x86.Build.0 = Debug|Win32
		{8B1B6227-E23E-4216-A1AB-477FC4D6B98E}.Release|x64.ActiveCfg = Release|x64
		{8B1B6227-E23E-4216-A1AB-477FC4D6B98E}.Release|x64.Build.0 = Release|x64
		{8B1B6227-E23E-4216-A1AB-477FC4D6B98E}.Release|x86.ActiveCfg = Release|Win32
		{8B1B6227-E23E-4216-A1AB-477FC4D6B98E}.Release|x86.Build.0 = Release|Win32
		{E801A8C8-F709-4CA3-87A4-4F86FF6C4C01}.Debug|x64.ActiveCfg = Debug|x64
		{E801A8C8-F709-4CA3-87A4-4F86FF6C4C01}.Debug|x64.Build.0 = Debug|x64
		{E801A8C8-F709-4CA3-87A4-4F86FF6C4C01}.Debug|x86.ActiveCfg = Debug|Win32
		{E801A8C8-F709-4CA3-87A4-4F86FF6C4C01}.Debug|x86.Build.0 = Debug|Win32
		{E801A8C8-F709-4CA3-87A4-4F86FF6C4C01}.Release|x64.ActiveCfg = Release|x64
		{E801A8C8-F709-4CA3-87A4-4F86FF6C4C01}.Release|x64.Build.0 = Release|x64
		{E801A8C8-F709-4CA3-87A4-4F86FF6C4C01}.Release|x86.ActiveCfg = Release|Win32
		{E801A8C8-F709-4CA3-87A4-4F86FF6C4C01}.Release|x86.Build.0 = Release|Win32
		{2AA82C0A-38F5-45C9-9CB6-68364F98FD8F}.Debug|x64.ActiveCfg = Debug|x64
		{2AA82C0A-38F5-45C9-9CB6-68364F98FD8F}.Debug|x64.Build.0 = Debug|x64
		{2AA82C0A-38F5-45C9-9CB6-68364F98FD8F}.Debug|x86.ActiveCfg = Debug|Win32
		{2AA82C0A-38F5-45C9-9CB6-68364F98FD8F}.Debug|x86.Build.0 = Debug|Win32
		{2AA82C0A-38F5-45C9-9CB6-68364F98FD8F}.Release|x64.ActiveCfg = Release|x64
		{2AA82C0A-38F5-45C9-9CB6-68364F98FD8F}.Release|x64.Build.0 = Release|x64
		{2AA82C0A-38F5-45C9-9CB6-68364F98FD8F}.Release|x86.ActiveCfg = Release|Win32
		{2AA82C0A-38F5-45C9-9CB6-68364F98FD8F}.Release|x86.Build.0 = Release|Win32
		{DE3F2688-0D5D-4139-91FE-17F3F4E4A12F}.Debug|x64.ActiveCfg = Debug|x64
		{DE3F2688-0D5D-4139-91FE-17F3F4E4A12F}.Debug|x64.Build.0 = Debug|x64
		{DE3F2688-0D5D-4139-91FE-17F3F4E4A12F}.Debug|x86.ActiveCfg = Debug|Win32
		{DE3F2688-0D5D-4139-91FE-17F3F4E4A12F}.Debug|x86.Build.0 = Debug|Win32
		{DE3F2688-0D5D-4139-91FE-17F3F4E4A12F}.Release|x64.ActiveCfg = Release|x64
		{DE3F2688-0D5D-4139-91FE-17F3F4E4A12F}.Release|x64.Build.0 = Release|x64
		{DE3F2688-0D5D-4139-91FE-17F3F4E4A12F}.Release|x86.ActiveCfg = Release|Win32
		{DE3F2688-0D5D-4139-91FE-17F3F4E4A12F}.Release|x86.Build.0 = Release|Win32
		{7032F3E2-835D-4EBE-882A-8547F54C88FF}.Debug|x64.ActiveCfg = Debug|x64
		{7032F3E2-835D-4EBE-882A-8547F54C88FF}.Debug|x64.Build.0 = Debug|x64
		{7032F3E2-835D-4EBE-882A-8547F54C88FF}.Debug|x86.ActiveCfg = Debug|Win32
		{7032F3E2-835D-4EBE-882A-8547F54C88FF}.Debug|x86.Build.0 = Debug|Win32
		{7032F3E2-835D-4EBE-882A-8547F54C88FF}.Release|x64.ActiveCfg = Release|x64
		{7032F3E2-835D-4EBE-882A-8547F54C88FF}.Release|x64.Build.0 = Release|x64
		{7032F3E2-835D-4EBE-882A-8547F54C88FF}.Release|x86.ActiveCfg = Release|Win32
		{7032F3E2-835D-4EBE-882A-8547F54C88FF}.Release|x86.Build.0 = Release|Win32
	EndGlobalSection
	GlobalSection(SolutionProperties) = preSolution
		HideSolutionNode = FALSE
	EndGlobalSection
	GlobalSection(ExtensibilityGlobals) = postSolution
		SolutionGuid = {6567AF5D-3D3B-4DBC-A304-F17B12DC4CF8}
	EndGlobalSection
EndGlobal
