
Microsoft Visual Studio Solution File, Format Version 12.00
# Visual Studio Version 17
VisualStudioVersion = 17.1.32228.430
MinimumVisualStudioVersion = 10.0.40219.1
Project("{8BC9CEB8-8B4A-11D0-8D11-00A0C91BC942}") = "Client_FirstProject", "Client_FirstProject\Client_FirstProject.vcxproj", "{7667ADDC-A70C-432E-B1B6-3ED435820E8E}"
EndProject
Project("{8BC9CEB8-8B4A-11D0-8D11-00A0C91BC942}") = "ConstantExpression", "ConstantExpression\ConstantExpression.vcxproj", "{F5DFDDFC-2DEE-4788-8DAF-990D9C037307}"
EndProject
Project("{8BC9CEB8-8B4A-11D0-8D11-00A0C91BC942}") = "Variables", "Variables\Variables.vcxproj", "{18936BB2-17EB-463B-B96E-A174FBC4D67A}"
EndProject
Project("{8BC9CEB8-8B4A-11D0-8D11-00A0C91BC942}") = "OUtputFunction_scanf", "OUtputFunction_scanf\OUtputFunction_scanf.vcxproj", "{8C6B80C3-5D82-43C4-9D9A-CC73DACD77B7}"
EndProject
Project("{8BC9CEB8-8B4A-11D0-8D11-00A0C91BC942}") = "Operator", "Operator\Operator.vcxproj", "{BDFC0475-F04A-400D-BEBC-97165AC7FCE7}"
EndProject
Project("{8BC9CEB8-8B4A-11D0-8D11-00A0C91BC942}") = "ControlStatement_if", "ControlStatement_if\ControlStatement_if.vcxproj", "{E3FBB00C-2D70-4523-8F6B-2D3FA0F81C4E}"
EndProject
Project("{8BC9CEB8-8B4A-11D0-8D11-00A0C91BC942}") = "ControlStatement_SwitchCase", "ControlStatement_SwitchCase\ControlStatement_SwitchCase.vcxproj", "{A7B9FBC8-F23C-42C6-9E01-BCD1D1E29182}"
EndProject
Project("{8BC9CEB8-8B4A-11D0-8D11-00A0C91BC942}") = "ControlStatement_Loop_While", "ControlStatement_Loop_While\ControlStatement_Loop_While.vcxproj", "{4967AE68-EFB8-4AD8-8D31-3FA71C0CE40A}"
EndProject
Project("{8BC9CEB8-8B4A-11D0-8D11-00A0C91BC942}") = "ControlStatement_Loop_for", "ControlStatement_Loop_for\ControlStatement_Loop_for.vcxproj", "{1C02136C-0FCA-44E3-94C5-1E47470F1E38}"
EndProject
Project("{8BC9CEB8-8B4A-11D0-8D11-00A0C91BC942}") = "Function", "Function\Function.vcxproj", "{24F11CA1-2C5B-4413-8302-9B2FA9513F87}"
EndProject
Global
	GlobalSection(SolutionConfigurationPlatforms) = preSolution
		Debug|x64 = Debug|x64
		Debug|x86 = Debug|x86
		Release|x64 = Release|x64
		Release|x86 = Release|x86
	EndGlobalSection
	GlobalSection(ProjectConfigurationPlatforms) = postSolution
		{7667ADDC-A70C-432E-B1B6-3ED435820E8E}.Debug|x64.ActiveCfg = Debug|x64
		{7667ADDC-A70C-432E-B1B6-3ED435820E8E}.Debug|x64.Build.0 = Debug|x64
		{7667ADDC-A70C-432E-B1B6-3ED435820E8E}.Debug|x86.ActiveCfg = Debug|Win32
		{7667ADDC-A70C-432E-B1B6-3ED435820E8E}.Debug|x86.Build.0 = Debug|Win32
		{7667ADDC-A70C-432E-B1B6-3ED435820E8E}.Release|x64.ActiveCfg = Release|x64
		{7667ADDC-A70C-432E-B1B6-3ED435820E8E}.Release|x64.Build.0 = Release|x64
		{7667ADDC-A70C-432E-B1B6-3ED435820E8E}.Release|x86.ActiveCfg = Release|Win32
		{7667ADDC-A70C-432E-B1B6-3ED435820E8E}.Release|x86.Build.0 = Release|Win32
		{F5DFDDFC-2DEE-4788-8DAF-990D9C037307}.Debug|x64.ActiveCfg = Debug|x64
		{F5DFDDFC-2DEE-4788-8DAF-990D9C037307}.Debug|x64.Build.0 = Debug|x64
		{F5DFDDFC-2DEE-4788-8DAF-990D9C037307}.Debug|x86.ActiveCfg = Debug|Win32
		{F5DFDDFC-2DEE-4788-8DAF-990D9C037307}.Debug|x86.Build.0 = Debug|Win32
		{F5DFDDFC-2DEE-4788-8DAF-990D9C037307}.Release|x64.ActiveCfg = Release|x64
		{F5DFDDFC-2DEE-4788-8DAF-990D9C037307}.Release|x64.Build.0 = Release|x64
		{F5DFDDFC-2DEE-4788-8DAF-990D9C037307}.Release|x86.ActiveCfg = Release|Win32
		{F5DFDDFC-2DEE-4788-8DAF-990D9C037307}.Release|x86.Build.0 = Release|Win32
		{18936BB2-17EB-463B-B96E-A174FBC4D67A}.Debug|x64.ActiveCfg = Debug|x64
		{18936BB2-17EB-463B-B96E-A174FBC4D67A}.Debug|x64.Build.0 = Debug|x64
		{18936BB2-17EB-463B-B96E-A174FBC4D67A}.Debug|x86.ActiveCfg = Debug|Win32
		{18936BB2-17EB-463B-B96E-A174FBC4D67A}.Debug|x86.Build.0 = Debug|Win32
		{18936BB2-17EB-463B-B96E-A174FBC4D67A}.Release|x64.ActiveCfg = Release|x64
		{18936BB2-17EB-463B-B96E-A174FBC4D67A}.Release|x64.Build.0 = Release|x64
		{18936BB2-17EB-463B-B96E-A174FBC4D67A}.Release|x86.ActiveCfg = Release|Win32
		{18936BB2-17EB-463B-B96E-A174FBC4D67A}.Release|x86.Build.0 = Release|Win32
		{8C6B80C3-5D82-43C4-9D9A-CC73DACD77B7}.Debug|x64.ActiveCfg = Debug|x64
		{8C6B80C3-5D82-43C4-9D9A-CC73DACD77B7}.Debug|x64.Build.0 = Debug|x64
		{8C6B80C3-5D82-43C4-9D9A-CC73DACD77B7}.Debug|x86.ActiveCfg = Debug|Win32
		{8C6B80C3-5D82-43C4-9D9A-CC73DACD77B7}.Debug|x86.Build.0 = Debug|Win32
		{8C6B80C3-5D82-43C4-9D9A-CC73DACD77B7}.Release|x64.ActiveCfg = Release|x64
		{8C6B80C3-5D82-43C4-9D9A-CC73DACD77B7}.Release|x64.Build.0 = Release|x64
		{8C6B80C3-5D82-43C4-9D9A-CC73DACD77B7}.Release|x86.ActiveCfg = Release|Win32
		{8C6B80C3-5D82-43C4-9D9A-CC73DACD77B7}.Release|x86.Build.0 = Release|Win32
		{BDFC0475-F04A-400D-BEBC-97165AC7FCE7}.Debug|x64.ActiveCfg = Debug|x64
		{BDFC0475-F04A-400D-BEBC-97165AC7FCE7}.Debug|x64.Build.0 = Debug|x64
		{BDFC0475-F04A-400D-BEBC-97165AC7FCE7}.Debug|x86.ActiveCfg = Debug|Win32
		{BDFC0475-F04A-400D-BEBC-97165AC7FCE7}.Debug|x86.Build.0 = Debug|Win32
		{BDFC0475-F04A-400D-BEBC-97165AC7FCE7}.Release|x64.ActiveCfg = Release|x64
		{BDFC0475-F04A-400D-BEBC-97165AC7FCE7}.Release|x64.Build.0 = Release|x64
		{BDFC0475-F04A-400D-BEBC-97165AC7FCE7}.Release|x86.ActiveCfg = Release|Win32
		{BDFC0475-F04A-400D-BEBC-97165AC7FCE7}.Release|x86.Build.0 = Release|Win32
		{E3FBB00C-2D70-4523-8F6B-2D3FA0F81C4E}.Debug|x64.ActiveCfg = Debug|x64
		{E3FBB00C-2D70-4523-8F6B-2D3FA0F81C4E}.Debug|x64.Build.0 = Debug|x64
		{E3FBB00C-2D70-4523-8F6B-2D3FA0F81C4E}.Debug|x86.ActiveCfg = Debug|Win32
		{E3FBB00C-2D70-4523-8F6B-2D3FA0F81C4E}.Debug|x86.Build.0 = Debug|Win32
		{E3FBB00C-2D70-4523-8F6B-2D3FA0F81C4E}.Release|x64.ActiveCfg = Release|x64
		{E3FBB00C-2D70-4523-8F6B-2D3FA0F81C4E}.Release|x64.Build.0 = Release|x64
		{E3FBB00C-2D70-4523-8F6B-2D3FA0F81C4E}.Release|x86.ActiveCfg = Release|Win32
		{E3FBB00C-2D70-4523-8F6B-2D3FA0F81C4E}.Release|x86.Build.0 = Release|Win32
		{A7B9FBC8-F23C-42C6-9E01-BCD1D1E29182}.Debug|x64.ActiveCfg = Debug|x64
		{A7B9FBC8-F23C-42C6-9E01-BCD1D1E29182}.Debug|x64.Build.0 = Debug|x64
		{A7B9FBC8-F23C-42C6-9E01-BCD1D1E29182}.Debug|x86.ActiveCfg = Debug|Win32
		{A7B9FBC8-F23C-42C6-9E01-BCD1D1E29182}.Debug|x86.Build.0 = Debug|Win32
		{A7B9FBC8-F23C-42C6-9E01-BCD1D1E29182}.Release|x64.ActiveCfg = Release|x64
		{A7B9FBC8-F23C-42C6-9E01-BCD1D1E29182}.Release|x64.Build.0 = Release|x64
		{A7B9FBC8-F23C-42C6-9E01-BCD1D1E29182}.Release|x86.ActiveCfg = Release|Win32
		{A7B9FBC8-F23C-42C6-9E01-BCD1D1E29182}.Release|x86.Build.0 = Release|Win32
		{4967AE68-EFB8-4AD8-8D31-3FA71C0CE40A}.Debug|x64.ActiveCfg = Debug|x64
		{4967AE68-EFB8-4AD8-8D31-3FA71C0CE40A}.Debug|x64.Build.0 = Debug|x64
		{4967AE68-EFB8-4AD8-8D31-3FA71C0CE40A}.Debug|x86.ActiveCfg = Debug|Win32
		{4967AE68-EFB8-4AD8-8D31-3FA71C0CE40A}.Debug|x86.Build.0 = Debug|Win32
		{4967AE68-EFB8-4AD8-8D31-3FA71C0CE40A}.Release|x64.ActiveCfg = Release|x64
		{4967AE68-EFB8-4AD8-8D31-3FA71C0CE40A}.Release|x64.Build.0 = Release|x64
		{4967AE68-EFB8-4AD8-8D31-3FA71C0CE40A}.Release|x86.ActiveCfg = Release|Win32
		{4967AE68-EFB8-4AD8-8D31-3FA71C0CE40A}.Release|x86.Build.0 = Release|Win32
		{1C02136C-0FCA-44E3-94C5-1E47470F1E38}.Debug|x64.ActiveCfg = Debug|x64
		{1C02136C-0FCA-44E3-94C5-1E47470F1E38}.Debug|x64.Build.0 = Debug|x64
		{1C02136C-0FCA-44E3-94C5-1E47470F1E38}.Debug|x86.ActiveCfg = Debug|Win32
		{1C02136C-0FCA-44E3-94C5-1E47470F1E38}.Debug|x86.Build.0 = Debug|Win32
		{1C02136C-0FCA-44E3-94C5-1E47470F1E38}.Release|x64.ActiveCfg = Release|x64
		{1C02136C-0FCA-44E3-94C5-1E47470F1E38}.Release|x64.Build.0 = Release|x64
		{1C02136C-0FCA-44E3-94C5-1E47470F1E38}.Release|x86.ActiveCfg = Release|Win32
		{1C02136C-0FCA-44E3-94C5-1E47470F1E38}.Release|x86.Build.0 = Release|Win32
		{24F11CA1-2C5B-4413-8302-9B2FA9513F87}.Debug|x64.ActiveCfg = Debug|x64
		{24F11CA1-2C5B-4413-8302-9B2FA9513F87}.Debug|x64.Build.0 = Debug|x64
		{24F11CA1-2C5B-4413-8302-9B2FA9513F87}.Debug|x86.ActiveCfg = Debug|Win32
		{24F11CA1-2C5B-4413-8302-9B2FA9513F87}.Debug|x86.Build.0 = Debug|Win32
		{24F11CA1-2C5B-4413-8302-9B2FA9513F87}.Release|x64.ActiveCfg = Release|x64
		{24F11CA1-2C5B-4413-8302-9B2FA9513F87}.Release|x64.Build.0 = Release|x64
		{24F11CA1-2C5B-4413-8302-9B2FA9513F87}.Release|x86.ActiveCfg = Release|Win32
		{24F11CA1-2C5B-4413-8302-9B2FA9513F87}.Release|x86.Build.0 = Release|Win32
	EndGlobalSection
	GlobalSection(SolutionProperties) = preSolution
		HideSolutionNode = FALSE
	EndGlobalSection
	GlobalSection(ExtensibilityGlobals) = postSolution
		SolutionGuid = {2A378D41-7A8A-4950-9660-14BF12B79D66}
	EndGlobalSection
EndGlobal
