
Microsoft Visual Studio Solution File, Format Version 12.00
# Visual Studio Version 17
VisualStudioVersion = 17.1.32228.430
MinimumVisualStudioVersion = 10.0.40219.1
Project("{8BC9CEB8-8B4A-11D0-8D11-00A0C91BC942}") = "Client_FirstProject", "Client_FirstProject\Client_FirstProject.vcxproj", "{7667ADDC-A70C-432E-B1B6-3ED435820E8E}"
EndProject
Project("{8BC9CEB8-8B4A-11D0-8D11-00A0C91BC942}") = "ConstantExpression", "ConstantExpression\ConstantExpression.vcxproj", "{F5DFDDFC-2DEE-4788-8DAF-990D9C037307}"
EndProject
Project("{8BC9CEB8-8B4A-11D0-8D11-00A0C91BC942}") = "Variables", "Variables\Variables.vcxproj", "{18936BB2-17EB-463B-B96E-A174FBC4D67A}"
EndProject
Project("{8BC9CEB8-8B4A-11D0-8D11-00A0C91BC942}") = "OUtputFunction_scanf", "OUtputFunction_scanf\OUtputFunction_scanf.vcxproj", "{8C6B80C3-5D82-43C4-9D9A-CC73DACD77B7}"
EndProject
Project("{8BC9CEB8-8B4A-11D0-8D11-00A0C91BC942}") = "Operator", "Operator\Operator.vcxproj", "{BDFC0475-F04A-400D-BEBC-97165AC7FCE7}"
EndProject
Project("{8BC9CEB8-8B4A-11D0-8D11-00A0C91BC942}") = "ControlStatement_if", "ControlStatement_if\ControlStatement_if.vcxproj", "{E3FBB00C-2D70-4523-8F6B-2D3FA0F81C4E}"
EndProject
Project("{8BC9CEB8-8B4A-11D0-8D11-00A0C91BC942}") = "ControlStatement_SwitchCase", "ControlStatement_SwitchCase\ControlStatement_SwitchCase.vcxproj", "{A7B9FBC8-F23C-42C6-9E01-BCD1D1E29182}"
EndProject
Project("{8BC9CEB8-8B4A-11D0-8D11-00A0C91BC942}") = "ControlStatement_Loop_While", "ControlStatement_Loop_While\ControlStatement_Loop_While.vcxproj", "{4967AE68-EFB8-4AD8-8D31-3FA71C0CE40A}"
EndProject
Project("{8BC9CEB8-8B4A-11D0-8D11-00A0C91BC942}") = "ControlStatement_Loop_for", "ControlStatement_Loop_for\ControlStatement_Loop_for.vcxproj", "{1C02136C-0FCA-44E3-94C5-1E47470F1E38}"
EndProject
Project("{8BC9CEB8-8B4A-11D0-8D11-00A0C91BC942}") = "Function", "Function\Function.vcxproj", "{24F11CA1-2C5B-4413-8302-9B2FA9513F87}"
EndProject
Project("{8BC9CEB8-8B4A-11D0-8D11-00A0C91BC942}") = "Example1", "Example1\Example1.vcxproj", "{BA4B7851-D4AF-4D93-98F7-F74D1A732424}"
EndProject
Project("{8BC9CEB8-8B4A-11D0-8D11-00A0C91BC942}") = "Pointer", "Pointer\Pointer.vcxproj", "{3244F96F-E6CD-4A53-A109-0181E22F2BA9}"
EndProject
Project("{8BC9CEB8-8B4A-11D0-8D11-00A0C91BC942}") = "PointerAndArrary", "PointerAndArrary\PointerAndArrary.vcxproj", "{03D9E3FA-8D04-4DCB-8EA8-1D18CF563DA3}"
EndProject
Project("{8BC9CEB8-8B4A-11D0-8D11-00A0C91BC942}") = "DoublePointer", "DoublePointer\DoublePointer.vcxproj", "{DE3AEE05-6770-49D9-AB75-921DA78E5FA9}"
EndProject
Project("{8BC9CEB8-8B4A-11D0-8D11-00A0C91BC942}") = "FunctionPointer", "FunctionPointer\FunctionPointer.vcxproj", "{4DAD1E2D-CAC4-411C-A6B9-7CA9A7218500}"
EndProject
Project("{8BC9CEB8-8B4A-11D0-8D11-00A0C91BC942}") = "TypeDefine", "TypeDefine\TypeDefine.vcxproj", "{689373C0-3105-4BAA-BE90-BD2E7333287A}"
EndProject
Project("{8BC9CEB8-8B4A-11D0-8D11-00A0C91BC942}") = "Structure", "Structure\Structure.vcxproj", "{C5132A60-C490-43A7-8CA1-065C79693BBE}"
EndProject
Project("{8BC9CEB8-8B4A-11D0-8D11-00A0C91BC942}") = "Union", "Union\Union.vcxproj", "{E999777F-0466-408D-A9D4-B02087E27E29}"
EndProject
Project("{8BC9CEB8-8B4A-11D0-8D11-00A0C91BC942}") = "Enum", "Enum\Enum.vcxproj", "{ED428F8D-E361-4989-A668-E80D06053339}"
EndProject
Project("{8BC9CEB8-8B4A-11D0-8D11-00A0C91BC942}") = "DynamicMemory", "DynamicMemory\DynamicMemory.vcxproj", "{121C340E-25B9-4F26-A077-E6ED815DE5C4}"
EndProject
Global
	GlobalSection(SolutionConfigurationPlatforms) = preSolution
		Debug|x64 = Debug|x64
		Debug|x86 = Debug|x86
		Release|x64 = Release|x64
		Release|x86 = Release|x86
	EndGlobalSection
	GlobalSection(ProjectConfigurationPlatforms) = postSolution
		{7667ADDC-A70C-432E-B1B6-3ED435820E8E}.Debug|x64.ActiveCfg = Debug|x64
		{7667ADDC-A70C-432E-B1B6-3ED435820E8E}.Debug|x64.Build.0 = Debug|x64
		{7667ADDC-A70C-432E-B1B6-3ED435820E8E}.Debug|x86.ActiveCfg = Debug|Win32
		{7667ADDC-A70C-432E-B1B6-3ED435820E8E}.Debug|x86.Build.0 = Debug|Win32
		{7667ADDC-A70C-432E-B1B6-3ED435820E8E}.Release|x64.ActiveCfg = Release|x64
		{7667ADDC-A70C-432E-B1B6-3ED435820E8E}.Release|x64.Build.0 = Release|x64
		{7667ADDC-A70C-432E-B1B6-3ED435820E8E}.Release|x86.ActiveCfg = Release|Win32
		{7667ADDC-A70C-432E-B1B6-3ED435820E8E}.Release|x86.Build.0 = Release|Win32
		{F5DFDDFC-2DEE-4788-8DAF-990D9C037307}.Debug|x64.ActiveCfg = Debug|x64
		{F5DFDDFC-2DEE-4788-8DAF-990D9C037307}.Debug|x64.Build.0 = Debug|x64
		{F5DFDDFC-2DEE-4788-8DAF-990D9C037307}.Debug|x86.ActiveCfg = Debug|Win32
		{F5DFDDFC-2DEE-4788-8DAF-990D9C037307}.Debug|x86.Build.0 = Debug|Win32
		{F5DFDDFC-2DEE-4788-8DAF-990D9C037307}.Release|x64.ActiveCfg = Release|x64
		{F5DFDDFC-2DEE-4788-8DAF-990D9C037307}.Release|x64.Build.0 = Release|x64
		{F5DFDDFC-2DEE-4788-8DAF-990D9C037307}.Release|x86.ActiveCfg = Release|Win32
		{F5DFDDFC-2DEE-4788-8DAF-990D9C037307}.Release|x86.Build.0 = Release|Win32
		{18936BB2-17EB-463B-B96E-A174FBC4D67A}.Debug|x64.ActiveCfg = Debug|x64
		{18936BB2-17EB-463B-B96E-A174FBC4D67A}.Debug|x64.Build.0 = Debug|x64
		{18936BB2-17EB-463B-B96E-A174FBC4D67A}.Debug|x86.ActiveCfg = Debug|Win32
		{18936BB2-17EB-463B-B96E-A174FBC4D67A}.Debug|x86.Build.0 = Debug|Win32
		{18936BB2-17EB-463B-B96E-A174FBC4D67A}.Release|x64.ActiveCfg = Release|x64
		{18936BB2-17EB-463B-B96E-A174FBC4D67A}.Release|x64.Build.0 = Release|x64
		{18936BB2-17EB-463B-B96E-A174FBC4D67A}.Release|x86.ActiveCfg = Release|Win32
		{18936BB2-17EB-463B-B96E-A174FBC4D67A}.Release|x86.Build.0 = Release|Win32
		{8C6B80C3-5D82-43C4-9D9A-CC73DACD77B7}.Debug|x64.ActiveCfg = Debug|x64
		{8C6B80C3-5D82-43C4-9D9A-CC73DACD77B7}.Debug|x64.Build.0 = Debug|x64
		{8C6B80C3-5D82-43C4-9D9A-CC73DACD77B7}.Debug|x86.ActiveCfg = Debug|Win32
		{8C6B80C3-5D82-43C4-9D9A-CC73DACD77B7}.Debug|x86.Build.0 = Debug|Win32
		{8C6B80C3-5D82-43C4-9D9A-CC73DACD77B7}.Release|x64.ActiveCfg = Release|x64
		{8C6B80C3-5D82-43C4-9D9A-CC73DACD77B7}.Release|x64.Build.0 = Release|x64
		{8C6B80C3-5D82-43C4-9D9A-CC73DACD77B7}.Release|x86.ActiveCfg = Release|Win32
		{8C6B80C3-5D82-43C4-9D9A-CC73DACD77B7}.Release|x86.Build.0 = Release|Win32
		{BDFC0475-F04A-400D-BEBC-97165AC7FCE7}.Debug|x64.ActiveCfg = Debug|x64
		{BDFC0475-F04A-400D-BEBC-97165AC7FCE7}.Debug|x64.Build.0 = Debug|x64
		{BDFC0475-F04A-400D-BEBC-97165AC7FCE7}.Debug|x86.ActiveCfg = Debug|Win32
		{BDFC0475-F04A-400D-BEBC-97165AC7FCE7}.Debug|x86.Build.0 = Debug|Win32
		{BDFC0475-F04A-400D-BEBC-97165AC7FCE7}.Release|x64.ActiveCfg = Release|x64
		{BDFC0475-F04A-400D-BEBC-97165AC7FCE7}.Release|x64.Build.0 = Release|x64
		{BDFC0475-F04A-400D-BEBC-97165AC7FCE7}.Release|x86.ActiveCfg = Release|Win32
		{BDFC0475-F04A-400D-BEBC-97165AC7FCE7}.Release|x86.Build.0 = Release|Win32
		{E3FBB00C-2D70-4523-8F6B-2D3FA0F81C4E}.Debug|x64.ActiveCfg = Debug|x64
		{E3FBB00C-2D70-4523-8F6B-2D3FA0F81C4E}.Debug|x64.Build.0 = Debug|x64
		{E3FBB00C-2D70-4523-8F6B-2D3FA0F81C4E}.Debug|x86.ActiveCfg = Debug|Win32
		{E3FBB00C-2D70-4523-8F6B-2D3FA0F81C4E}.Debug|x86.Build.0 = Debug|Win32
		{E3FBB00C-2D70-4523-8F6B-2D3FA0F81C4E}.Release|x64.ActiveCfg = Release|x64
		{E3FBB00C-2D70-4523-8F6B-2D3FA0F81C4E}.Release|x64.Build.0 = Release|x64
		{E3FBB00C-2D70-4523-8F6B-2D3FA0F81C4E}.Release|x86.ActiveCfg = Release|Win32
		{E3FBB00C-2D70-4523-8F6B-2D3FA0F81C4E}.Release|x86.Build.0 = Release|Win32
		{A7B9FBC8-F23C-42C6-9E01-BCD1D1E29182}.Debug|x64.ActiveCfg = Debug|x64
		{A7B9FBC8-F23C-42C6-9E01-BCD1D1E29182}.Debug|x64.Build.0 = Debug|x64
		{A7B9FBC8-F23C-42C6-9E01-BCD1D1E29182}.Debug|x86.ActiveCfg = Debug|Win32
		{A7B9FBC8-F23C-42C6-9E01-BCD1D1E29182}.Debug|x86.Build.0 = Debug|Win32
		{A7B9FBC8-F23C-42C6-9E01-BCD1D1E29182}.Release|x64.ActiveCfg = Release|x64
		{A7B9FBC8-F23C-42C6-9E01-BCD1D1E29182}.Release|x64.Build.0 = Release|x64
		{A7B9FBC8-F23C-42C6-9E01-BCD1D1E29182}.Release|x86.ActiveCfg = Release|Win32
		{A7B9FBC8-F23C-42C6-9E01-BCD1D1E29182}.Release|x86.Build.0 = Release|Win32
		{4967AE68-EFB8-4AD8-8D31-3FA71C0CE40A}.Debug|x64.ActiveCfg = Debug|x64
		{4967AE68-EFB8-4AD8-8D31-3FA71C0CE40A}.Debug|x64.Build.0 = Debug|x64
		{4967AE68-EFB8-4AD8-8D31-3FA71C0CE40A}.Debug|x86.ActiveCfg = Debug|Win32
		{4967AE68-EFB8-4AD8-8D31-3FA71C0CE40A}.Debug|x86.Build.0 = Debug|Win32
		{4967AE68-EFB8-4AD8-8D31-3FA71C0CE40A}.Release|x64.ActiveCfg = Release|x64
		{4967AE68-EFB8-4AD8-8D31-3FA71C0CE40A}.Release|x64.Build.0 = Release|x64
		{4967AE68-EFB8-4AD8-8D31-3FA71C0CE40A}.Release|x86.ActiveCfg = Release|Win32
		{4967AE68-EFB8-4AD8-8D31-3FA71C0CE40A}.Release|x86.Build.0 = Release|Win32
		{1C02136C-0FCA-44E3-94C5-1E47470F1E38}.Debug|x64.ActiveCfg = Debug|x64
		{1C02136C-0FCA-44E3-94C5-1E47470F1E38}.Debug|x64.Build.0 = Debug|x64
		{1C02136C-0FCA-44E3-94C5-1E47470F1E38}.Debug|x86.ActiveCfg = Debug|Win32
		{1C02136C-0FCA-44E3-94C5-1E47470F1E38}.Debug|x86.Build.0 = Debug|Win32
		{1C02136C-0FCA-44E3-94C5-1E47470F1E38}.Release|x64.ActiveCfg = Release|x64
		{1C02136C-0FCA-44E3-94C5-1E47470F1E38}.Release|x64.Build.0 = Release|x64
		{1C02136C-0FCA-44E3-94C5-1E47470F1E38}.Release|x86.ActiveCfg = Release|Win32
		{1C02136C-0FCA-44E3-94C5-1E47470F1E38}.Release|x86.Build.0 = Release|Win32
		{24F11CA1-2C5B-4413-8302-9B2FA9513F87}.Debug|x64.ActiveCfg = Debug|x64
		{24F11CA1-2C5B-4413-8302-9B2FA9513F87}.Debug|x64.Build.0 = Debug|x64
		{24F11CA1-2C5B-4413-8302-9B2FA9513F87}.Debug|x86.ActiveCfg = Debug|Win32
		{24F11CA1-2C5B-4413-8302-9B2FA9513F87}.Debug|x86.Build.0 = Debug|Win32
		{24F11CA1-2C5B-4413-8302-9B2FA9513F87}.Release|x64.ActiveCfg = Release|x64
		{24F11CA1-2C5B-4413-8302-9B2FA9513F87}.Release|x64.Build.0 = Release|x64
		{24F11CA1-2C5B-4413-8302-9B2FA9513F87}.Release|x86.ActiveCfg = Release|Win32
		{24F11CA1-2C5B-4413-8302-9B2FA9513F87}.Release|x86.Build.0 = Release|Win32
		{BA4B7851-D4AF-4D93-98F7-F74D1A732424}.Debug|x64.ActiveCfg = Debug|x64
		{BA4B7851-D4AF-4D93-98F7-F74D1A732424}.Debug|x64.Build.0 = Debug|x64
		{BA4B7851-D4AF-4D93-98F7-F74D1A732424}.Debug|x86.ActiveCfg = Debug|Win32
		{BA4B7851-D4AF-4D93-98F7-F74D1A732424}.Debug|x86.Build.0 = Debug|Win32
		{BA4B7851-D4AF-4D93-98F7-F74D1A732424}.Release|x64.ActiveCfg = Release|x64
		{BA4B7851-D4AF-4D93-98F7-F74D1A732424}.Release|x64.Build.0 = Release|x64
		{BA4B7851-D4AF-4D93-98F7-F74D1A732424}.Release|x86.ActiveCfg = Release|Win32
		{BA4B7851-D4AF-4D93-98F7-F74D1A732424}.Release|x86.Build.0 = Release|Win32
		{3244F96F-E6CD-4A53-A109-0181E22F2BA9}.Debug|x64.ActiveCfg = Debug|x64
		{3244F96F-E6CD-4A53-A109-0181E22F2BA9}.Debug|x64.Build.0 = Debug|x64
		{3244F96F-E6CD-4A53-A109-0181E22F2BA9}.Debug|x86.ActiveCfg = Debug|Win32
		{3244F96F-E6CD-4A53-A109-0181E22F2BA9}.Debug|x86.Build.0 = Debug|Win32
		{3244F96F-E6CD-4A53-A109-0181E22F2BA9}.Release|x64.ActiveCfg = Release|x64
		{3244F96F-E6CD-4A53-A109-0181E22F2BA9}.Release|x64.Build.0 = Release|x64
		{3244F96F-E6CD-4A53-A109-0181E22F2BA9}.Release|x86.ActiveCfg = Release|Win32
		{3244F96F-E6CD-4A53-A109-0181E22F2BA9}.Release|x86.Build.0 = Release|Win32
		{03D9E3FA-8D04-4DCB-8EA8-1D18CF563DA3}.Debug|x64.ActiveCfg = Debug|x64
		{03D9E3FA-8D04-4DCB-8EA8-1D18CF563DA3}.Debug|x64.Build.0 = Debug|x64
		{03D9E3FA-8D04-4DCB-8EA8-1D18CF563DA3}.Debug|x86.ActiveCfg = Debug|Win32
		{03D9E3FA-8D04-4DCB-8EA8-1D18CF563DA3}.Debug|x86.Build.0 = Debug|Win32
		{03D9E3FA-8D04-4DCB-8EA8-1D18CF563DA3}.Release|x64.ActiveCfg = Release|x64
		{03D9E3FA-8D04-4DCB-8EA8-1D18CF563DA3}.Release|x64.Build.0 = Release|x64
		{03D9E3FA-8D04-4DCB-8EA8-1D18CF563DA3}.Release|x86.ActiveCfg = Release|Win32
		{03D9E3FA-8D04-4DCB-8EA8-1D18CF563DA3}.Release|x86.Build.0 = Release|Win32
		{DE3AEE05-6770-49D9-AB75-921DA78E5FA9}.Debug|x64.ActiveCfg = Debug|x64
		{DE3AEE05-6770-49D9-AB75-921DA78E5FA9}.Debug|x64.Build.0 = Debug|x64
		{DE3AEE05-6770-49D9-AB75-921DA78E5FA9}.Debug|x86.ActiveCfg = Debug|Win32
		{DE3AEE05-6770-49D9-AB75-921DA78E5FA9}.Debug|x86.Build.0 = Debug|Win32
		{DE3AEE05-6770-49D9-AB75-921DA78E5FA9}.Release|x64.ActiveCfg = Release|x64
		{DE3AEE05-6770-49D9-AB75-921DA78E5FA9}.Release|x64.Build.0 = Release|x64
		{DE3AEE05-6770-49D9-AB75-921DA78E5FA9}.Release|x86.ActiveCfg = Release|Win32
		{DE3AEE05-6770-49D9-AB75-921DA78E5FA9}.Release|x86.Build.0 = Release|Win32
		{4DAD1E2D-CAC4-411C-A6B9-7CA9A7218500}.Debug|x64.ActiveCfg = Debug|x64
		{4DAD1E2D-CAC4-411C-A6B9-7CA9A7218500}.Debug|x64.Build.0 = Debug|x64
		{4DAD1E2D-CAC4-411C-A6B9-7CA9A7218500}.Debug|x86.ActiveCfg = Debug|Win32
		{4DAD1E2D-CAC4-411C-A6B9-7CA9A7218500}.Debug|x86.Build.0 = Debug|Win32
		{4DAD1E2D-CAC4-411C-A6B9-7CA9A7218500}.Release|x64.ActiveCfg = Release|x64
		{4DAD1E2D-CAC4-411C-A6B9-7CA9A7218500}.Release|x64.Build.0 = Release|x64
		{4DAD1E2D-CAC4-411C-A6B9-7CA9A7218500}.Release|x86.ActiveCfg = Release|Win32
		{4DAD1E2D-CAC4-411C-A6B9-7CA9A7218500}.Release|x86.Build.0 = Release|Win32
		{689373C0-3105-4BAA-BE90-BD2E7333287A}.Debug|x64.ActiveCfg = Debug|x64
		{689373C0-3105-4BAA-BE90-BD2E7333287A}.Debug|x64.Build.0 = Debug|x64
		{689373C0-3105-4BAA-BE90-BD2E7333287A}.Debug|x86.ActiveCfg = Debug|Win32
		{689373C0-3105-4BAA-BE90-BD2E7333287A}.Debug|x86.Build.0 = Debug|Win32
		{689373C0-3105-4BAA-BE90-BD2E7333287A}.Release|x64.ActiveCfg = Release|x64
		{689373C0-3105-4BAA-BE90-BD2E7333287A}.Release|x64.Build.0 = Release|x64
		{689373C0-3105-4BAA-BE90-BD2E7333287A}.Release|x86.ActiveCfg = Release|Win32
		{689373C0-3105-4BAA-BE90-BD2E7333287A}.Release|x86.Build.0 = Release|Win32
		{C5132A60-C490-43A7-8CA1-065C79693BBE}.Debug|x64.ActiveCfg = Debug|x64
		{C5132A60-C490-43A7-8CA1-065C79693BBE}.Debug|x64.Build.0 = Debug|x64
		{C5132A60-C490-43A7-8CA1-065C79693BBE}.Debug|x86.ActiveCfg = Debug|Win32
		{C5132A60-C490-43A7-8CA1-065C79693BBE}.Debug|x86.Build.0 = Debug|Win32
		{C5132A60-C490-43A7-8CA1-065C79693BBE}.Release|x64.ActiveCfg = Release|x64
		{C5132A60-C490-43A7-8CA1-065C79693BBE}.Release|x64.Build.0 = Release|x64
		{C5132A60-C490-43A7-8CA1-065C79693BBE}.Release|x86.ActiveCfg = Release|Win32
		{C5132A60-C490-43A7-8CA1-065C79693BBE}.Release|x86.Build.0 = Release|Win32
		{E999777F-0466-408D-A9D4-B02087E27E29}.Debug|x64.ActiveCfg = Debug|x64
		{E999777F-0466-408D-A9D4-B02087E27E29}.Debug|x64.Build.0 = Debug|x64
		{E999777F-0466-408D-A9D4-B02087E27E29}.Debug|x86.ActiveCfg = Debug|Win32
		{E999777F-0466-408D-A9D4-B02087E27E29}.Debug|x86.Build.0 = Debug|Win32
		{E999777F-0466-408D-A9D4-B02087E27E29}.Release|x64.ActiveCfg = Release|x64
		{E999777F-0466-408D-A9D4-B02087E27E29}.Release|x64.Build.0 = Release|x64
		{E999777F-0466-408D-A9D4-B02087E27E29}.Release|x86.ActiveCfg = Release|Win32
		{E999777F-0466-408D-A9D4-B02087E27E29}.Release|x86.Build.0 = Release|Win32
		{ED428F8D-E361-4989-A668-E80D06053339}.Debug|x64.ActiveCfg = Debug|x64
		{ED428F8D-E361-4989-A668-E80D06053339}.Debug|x64.Build.0 = Debug|x64
		{ED428F8D-E361-4989-A668-E80D06053339}.Debug|x86.ActiveCfg = Debug|Win32
		{ED428F8D-E361-4989-A668-E80D06053339}.Debug|x86.Build.0 = Debug|Win32
		{ED428F8D-E361-4989-A668-E80D06053339}.Release|x64.ActiveCfg = Release|x64
		{ED428F8D-E361-4989-A668-E80D06053339}.Release|x64.Build.0 = Release|x64
		{ED428F8D-E361-4989-A668-E80D06053339}.Release|x86.ActiveCfg = Release|Win32
		{ED428F8D-E361-4989-A668-E80D06053339}.Release|x86.Build.0 = Release|Win32
		{121C340E-25B9-4F26-A077-E6ED815DE5C4}.Debug|x64.ActiveCfg = Debug|x64
		{121C340E-25B9-4F26-A077-E6ED815DE5C4}.Debug|x64.Build.0 = Debug|x64
		{121C340E-25B9-4F26-A077-E6ED815DE5C4}.Debug|x86.ActiveCfg = Debug|Win32
		{121C340E-25B9-4F26-A077-E6ED815DE5C4}.Debug|x86.Build.0 = Debug|Win32
		{121C340E-25B9-4F26-A077-E6ED815DE5C4}.Release|x64.ActiveCfg = Release|x64
		{121C340E-25B9-4F26-A077-E6ED815DE5C4}.Release|x64.Build.0 = Release|x64
		{121C340E-25B9-4F26-A077-E6ED815DE5C4}.Release|x86.ActiveCfg = Release|Win32
		{121C340E-25B9-4F26-A077-E6ED815DE5C4}.Release|x86.Build.0 = Release|Win32
	EndGlobalSection
	GlobalSection(SolutionProperties) = preSolution
		HideSolutionNode = FALSE
	EndGlobalSection
	GlobalSection(ExtensibilityGlobals) = postSolution
		SolutionGuid = {2A378D41-7A8A-4950-9660-14BF12B79D66}
	EndGlobalSection
EndGlobal
